
Microsoft Visual Studio Solution File, Format Version 12.00
# Visual Studio Version 16
VisualStudioVersion = 16.0.30907.101
MinimumVisualStudioVersion = 10.0.40219.1
Project("{FAE04EC0-301F-11D3-BF4B-00C04F79EFBC}") = "CrudNoEF", "CrudNoEF\CrudNoEF.csproj", "{5C18D397-E996-4545-8A91-F3955D2D1118}"
EndProject
Global
	GlobalSection(SolutionConfigurationPlatforms) = preSolution
		Debug|Any CPU = Debug|Any CPU
		Release|Any CPU = Release|Any CPU
	EndGlobalSection
	GlobalSection(ProjectConfigurationPlatforms) = postSolution
		{5C18D397-E996-4545-8A91-F3955D2D1118}.Debug|Any CPU.ActiveCfg = Debug|Any CPU
		{5C18D397-E996-4545-8A91-F3955D2D1118}.Debug|Any CPU.Build.0 = Debug|Any CPU
		{5C18D397-E996-4545-8A91-F3955D2D1118}.Release|Any CPU.ActiveCfg = Release|Any CPU
		{5C18D397-E996-4545-8A91-F3955D2D1118}.Release|Any CPU.Build.0 = Release|Any CPU
	EndGlobalSection
	GlobalSection(SolutionProperties) = preSolution
		HideSolutionNode = FALSE
	EndGlobalSection
	GlobalSection(ExtensibilityGlobals) = postSolution
		SolutionGuid = {D31A7BF8-DB40-4926-908E-89A46EB6DE83}
	EndGlobalSection
EndGlobal
